
Microsoft Visual Studio Solution File, Format Version 12.00
# Visual Studio Version 16
VisualStudioVersion = 16.0.34031.81
MinimumVisualStudioVersion = 10.0.40219.1
Project("{FAE04EC0-301F-11D3-BF4B-00C04F79EFBC}") = "Danhsachlienketdon", "Danhsachlienketdon\Danhsachlienketdon.csproj", "{FEC9FB9E-3B5A-4C54-936D-05B657C1F595}"
EndProject
Global
	GlobalSection(SolutionConfigurationPlatforms) = preSolution
		Debug|Any CPU = Debug|Any CPU
		Release|Any CPU = Release|Any CPU
	EndGlobalSection
	GlobalSection(ProjectConfigurationPlatforms) = postSolution
		{FEC9FB9E-3B5A-4C54-936D-05B657C1F595}.Debug|Any CPU.ActiveCfg = Debug|Any CPU
		{FEC9FB9E-3B5A-4C54-936D-05B657C1F595}.Debug|Any CPU.Build.0 = Debug|Any CPU
		{FEC9FB9E-3B5A-4C54-936D-05B657C1F595}.Release|Any CPU.ActiveCfg = Release|Any CPU
		{FEC9FB9E-3B5A-4C54-936D-05B657C1F595}.Release|Any CPU.Build.0 = Release|Any CPU
	EndGlobalSection
	GlobalSection(SolutionProperties) = preSolution
		HideSolutionNode = FALSE
	EndGlobalSection
	GlobalSection(ExtensibilityGlobals) = postSolution
		SolutionGuid = {92F87B0D-307B-43BD-9C24-3F30DF447660}
	EndGlobalSection
EndGlobal
